{
  "version": 4,
  "terraform_version": "0.12.10",
  "serial": 81,
  "lineage": "94a079d5-167f-e3dd-cd65-6f639f34a64c",
  "outputs": {
    "config_map_aws_auth": {
      "value": "\n\napiVersion: v1\nkind: ConfigMap\nmetadata:\n  name: aws-auth\n  namespace: kube-system\ndata:\n  mapRoles: |\n    - rolearn: arn:aws:iam::051309595190:role/terraform-eks-prod-node\n      username: system:node:{{EC2PrivateDNSName}}\n      groups:\n        - system:bootstrappers\n        - system:nodes\n",
      "type": "string"
    }
  },
  "resources": [
    {
      "mode": "data",
      "type": "aws_ami",
      "name": "eks-worker",
      "provider": "provider.aws",
      "instances": [
        {
          "schema_version": 0,
          "attributes": {
            "architecture": "x86_64",
            "block_device_mappings": [
              {
                "device_name": "/dev/xvda",
                "ebs": {
                  "delete_on_termination": "true",
                  "encrypted": "false",
                  "iops": "0",
                  "snapshot_id": "snap-0d3758de2f94b248e",
                  "volume_size": "20",
                  "volume_type": "gp2"
                },
                "no_device": "",
                "virtual_name": ""
              }
            ],
            "creation_date": "2019-09-28T10:34:25.000Z",
            "description": "EKS Kubernetes Worker AMI with AmazonLinux2 image, (k8s: 1.14.7, docker:18.06)",
            "executable_users": null,
            "filter": [
              {
                "name": "name",
                "values": [
                  "amazon-eks-node-1.14-v*"
                ]
              }
            ],
            "hypervisor": "xen",
            "id": "ami-059c6874350e63ca9",
            "image_id": "ami-059c6874350e63ca9",
            "image_location": "amazon/amazon-eks-node-1.14-v20190927",
            "image_owner_alias": "amazon",
            "image_type": "machine",
            "kernel_id": null,
            "most_recent": true,
            "name": "amazon-eks-node-1.14-v20190927",
            "name_regex": null,
            "owner_id": "602401143452",
            "owners": [
              "602401143452"
            ],
            "platform": null,
            "product_codes": [],
            "public": true,
            "ramdisk_id": null,
            "root_device_name": "/dev/xvda",
            "root_device_type": "ebs",
            "root_snapshot_id": "snap-0d3758de2f94b248e",
            "sriov_net_support": "simple",
            "state": "available",
            "state_reason": {
              "code": "UNSET",
              "message": "UNSET"
            },
            "tags": {},
            "virtualization_type": "hvm"
          },
          "depends_on": [
            "aws_eks_cluster.prod"
          ]
        }
      ]
    },
    {
      "mode": "data",
      "type": "aws_availability_zones",
      "name": "available",
      "provider": "provider.aws",
      "instances": [
        {
          "schema_version": 0,
          "attributes": {
            "blacklisted_names": null,
            "blacklisted_zone_ids": null,
            "id": "2019-10-18 11:09:30.822369539 +0000 UTC",
            "names": [
              "eu-west-1a",
              "eu-west-1b",
              "eu-west-1c"
            ],
            "state": null,
            "zone_ids": [
              "euw1-az1",
              "euw1-az2",
              "euw1-az3"
            ]
          }
        }
      ]
    },
    {
      "mode": "data",
      "type": "aws_region",
      "name": "current",
      "provider": "provider.aws",
      "instances": [
        {
          "schema_version": 0,
          "attributes": {
            "current": null,
            "description": "EU (Ireland)",
            "endpoint": "ec2.eu-west-1.amazonaws.com",
            "id": "eu-west-1",
            "name": "eu-west-1"
          }
        }
      ]
    },
    {
      "mode": "managed",
      "type": "aws_autoscaling_group",
      "name": "prod",
      "provider": "provider.aws",
      "instances": [
        {
          "schema_version": 0,
          "attributes": {
            "arn": "arn:aws:autoscaling:eu-west-1:051309595190:autoScalingGroup:7cc15264-2c39-43ec-b670-10237d0e4886:autoScalingGroupName/terraform-eks-prod",
            "availability_zones": [
              "eu-west-1a",
              "eu-west-1b"
            ],
            "default_cooldown": 300,
            "desired_capacity": 2,
            "enabled_metrics": null,
            "force_delete": false,
            "health_check_grace_period": 300,
            "health_check_type": "EC2",
            "id": "terraform-eks-prod",
            "initial_lifecycle_hook": [],
            "launch_configuration": "terraform-eks-prod20191018111915588000000006",
            "launch_template": [],
            "load_balancers": [],
            "max_size": 2,
            "metrics_granularity": "1Minute",
            "min_elb_capacity": null,
            "min_size": 1,
            "mixed_instances_policy": [],
            "name": "terraform-eks-prod",
            "name_prefix": null,
            "placement_group": "",
            "protect_from_scale_in": false,
            "service_linked_role_arn": "arn:aws:iam::051309595190:role/aws-service-role/autoscaling.amazonaws.com/AWSServiceRoleForAutoScaling",
            "suspended_processes": null,
            "tag": [
              {
                "key": "Name",
                "propagate_at_launch": true,
                "value": "terraform-eks-prod"
              },
              {
                "key": "kubernetes.io/cluster/eks-kube-cluster",
                "propagate_at_launch": true,
                "value": "owned"
              }
            ],
            "tags": null,
            "target_group_arns": [],
            "termination_policies": null,
            "timeouts": null,
            "vpc_zone_identifier": [
              "subnet-0129b1754e584255a",
              "subnet-09910bd144f255383"
            ],
            "wait_for_capacity_timeout": "10m",
            "wait_for_elb_capacity": null
          },
          "private": "eyJlMmJmYjczMC1lY2FhLTExZTYtOGY4OC0zNDM2M2JjN2M0YzAiOnsiZGVsZXRlIjo2MDAwMDAwMDAwMDB9fQ==",
          "depends_on": [
            "aws_launch_configuration.prod",
            "aws_subnet.prod"
          ]
        }
      ]
    },
    {
      "mode": "managed",
      "type": "aws_eks_cluster",
      "name": "prod",
      "provider": "provider.aws",
      "instances": [
        {
          "schema_version": 0,
          "attributes": {
            "arn": "arn:aws:eks:eu-west-1:051309595190:cluster/eks-kube-cluster",
            "certificate_authority": [
              {
                "data": "LS0tLS1CRUdJTiBDRVJUSUZJQ0FURS0tLS0tCk1JSUN5RENDQWJDZ0F3SUJBZ0lCQURBTkJna3Foa2lHOXcwQkFRc0ZBREFWTVJNd0VRWURWUVFERXdwcmRXSmwKY201bGRHVnpNQjRYRFRFNU1UQXhPREV4TVRZMU4xb1hEVEk1TVRBeE5URXhNVFkxTjFvd0ZURVRNQkVHQTFVRQpBeE1LYTNWaVpYSnVaWFJsY3pDQ0FTSXdEUVlKS29aSWh2Y05BUUVCQlFBRGdnRVBBRENDQVFvQ2dnRUJBTlF5CkxEUGJIRmFWejFpdWFub3k4ek10dWRzcG1PaHgxUDdDOXpYT3g0WEQzYXRwdGw3WkJoR3JUS2xqMXM2QnZlODQKVjZLWWZLbG9JRDJUK3Z2OFVMMmRoeDNZVVhUbnM1blNqcXdpb1FNczI2TnpQVCtqLzNibkRaeDdtMzJ1WElLaQpVNXVDT0p5K3cwSnArb3VjTGpFdHZNRXZBNWVkajR6bTNSKzlsTTVEL1V1dUdTMCtaeWoycmJUWFJINk16ME1sCjhSclVkRnVTY1FBc2doMDVDYkk2UXdweFJxQXM4c0t4dlJyTlp6R2JaZDJCRVdvVmJTL0hLWmlNRm9COW1MRGYKQUk0Z2wyRHpuS3dpME1CZHhocGRwSGhjRksrd2wvYVNkVnRNRHlXVW1nZ1hJM0ZyOFZkV2h2VkZuUlU5UUhUeApaRFZZRE9MODFtMnVUc0ZWNkZrQ0F3RUFBYU1qTUNFd0RnWURWUjBQQVFIL0JBUURBZ0trTUE4R0ExVWRFd0VCCi93UUZNQU1CQWY4d0RRWUpLb1pJaHZjTkFRRUxCUUFEZ2dFQkFKcmdmZlMzcC9XamROM1N4Wm1HVVVJSTNwSU8KS0J5T3ppTGozNmFJeDB1QkhDSk82K1E4Y0JXalZtREFINlhsNmo1RmpFbHNiZmZjNUFzU2cyTFg5WlRyWHplTgpsNmpsNlh4VDhqekJEWHVTMnUxMVg4QzY2b2R5V0xNRnJLc1FucExZMDczMGVpcCsyMHZucHpReFlXdHNZd3VrClZSM1NOTGVWaElrcnlsMjl4c1ZUWWR5bDFkTURlczM0TjlubHZISnlVaSt2T0JJaDd5bXFrQmxEbFphVE45cmMKV25aZEUyMlRndlZhb09OaHlwYTdPUjhkc2g0QVNJeUFtNWx4aVVESkdDWVp6VEZueitmYldndnNCTmY5ODhHSAoxK2VheTJQbm54T1RBdTlUY25MV1NlaDVvSVc4SzBybFBYeExPdHhOZlNheHIxQVF2OG9GYUwyNkV5az0KLS0tLS1FTkQgQ0VSVElGSUNBVEUtLS0tLQo="
              }
            ],
            "created_at": "2019-10-18 11:09:56 +0000 UTC",
            "enabled_cluster_log_types": null,
            "endpoint": "https://348502A918EAA3B6D506073C95525D8B.sk1.eu-west-1.eks.amazonaws.com",
            "id": "eks-kube-cluster",
            "identity": [
              {
                "oidc": [
                  {
                    "issuer": "https://oidc.eks.eu-west-1.amazonaws.com/id/348502A918EAA3B6D506073C95525D8B"
                  }
                ]
              }
            ],
            "name": "eks-kube-cluster",
            "platform_version": "eks.1",
            "role_arn": "arn:aws:iam::051309595190:role/terraform-eks-prod-cluster",
            "status": "ACTIVE",
            "tags": null,
            "timeouts": null,
            "version": "1.14",
            "vpc_config": [
              {
                "endpoint_private_access": false,
                "endpoint_public_access": true,
                "security_group_ids": [
                  "sg-064aca5f1c9f3a0cf"
                ],
                "subnet_ids": [
                  "subnet-0129b1754e584255a",
                  "subnet-09910bd144f255383"
                ],
                "vpc_id": "vpc-0291b670a83da30e2"
              }
            ]
          },
          "private": "eyJlMmJmYjczMC1lY2FhLTExZTYtOGY4OC0zNDM2M2JjN2M0YzAiOnsiY3JlYXRlIjoxODAwMDAwMDAwMDAwLCJkZWxldGUiOjkwMDAwMDAwMDAwMCwidXBkYXRlIjozNjAwMDAwMDAwMDAwfX0=",
          "depends_on": [
            "aws_iam_role.prod-cluster",
            "aws_iam_role_policy_attachment.prod-cluster-AmazonEKSClusterPolicy",
            "aws_iam_role_policy_attachment.prod-cluster-AmazonEKSServicePolicy",
            "aws_security_group.prod-cluster",
            "aws_subnet.prod"
          ]
        }
      ]
    },
    {
      "mode": "managed",
      "type": "aws_iam_instance_profile",
      "name": "prod-node",
      "provider": "provider.aws",
      "instances": [
        {
          "schema_version": 0,
          "attributes": {
            "arn": "arn:aws:iam::051309595190:instance-profile/terraform-eks-prod",
            "create_date": "2019-10-18T11:09:46Z",
            "id": "terraform-eks-prod",
            "name": "terraform-eks-prod",
            "name_prefix": null,
            "path": "/",
            "role": "terraform-eks-prod-node",
            "roles": [],
            "unique_id": "AIPAQX4SKJI3FELVQ7ODT"
          },
          "private": "bnVsbA==",
          "depends_on": [
            "aws_iam_role.prod-node"
          ]
        }
      ]
    },
    {
      "mode": "managed",
      "type": "aws_iam_role",
      "name": "prod-cluster",
      "provider": "provider.aws",
      "instances": [
        {
          "schema_version": 0,
          "attributes": {
            "arn": "arn:aws:iam::051309595190:role/terraform-eks-prod-cluster",
            "assume_role_policy": "{\"Version\":\"2012-10-17\",\"Statement\":[{\"Effect\":\"Allow\",\"Principal\":{\"Service\":\"eks.amazonaws.com\"},\"Action\":\"sts:AssumeRole\"}]}",
            "create_date": "2019-10-18T11:09:45Z",
            "description": "",
            "force_detach_policies": false,
            "id": "terraform-eks-prod-cluster",
            "max_session_duration": 3600,
            "name": "terraform-eks-prod-cluster",
            "name_prefix": null,
            "path": "/",
            "permissions_boundary": null,
            "tags": null,
            "unique_id": "AROAQX4SKJI3OZVB7JSFB"
          },
          "private": "bnVsbA=="
        }
      ]
    },
    {
      "mode": "managed",
      "type": "aws_iam_role",
      "name": "prod-node",
      "provider": "provider.aws",
      "instances": [
        {
          "schema_version": 0,
          "attributes": {
            "arn": "arn:aws:iam::051309595190:role/terraform-eks-prod-node",
            "assume_role_policy": "{\"Version\":\"2012-10-17\",\"Statement\":[{\"Effect\":\"Allow\",\"Principal\":{\"Service\":\"ec2.amazonaws.com\"},\"Action\":\"sts:AssumeRole\"}]}",
            "create_date": "2019-10-18T11:09:45Z",
            "description": "",
            "force_detach_policies": false,
            "id": "terraform-eks-prod-node",
            "max_session_duration": 3600,
            "name": "terraform-eks-prod-node",
            "name_prefix": null,
            "path": "/",
            "permissions_boundary": null,
            "tags": null,
            "unique_id": "AROAQX4SKJI3GVHGT6XRN"
          },
          "private": "bnVsbA=="
        }
      ]
    },
    {
      "mode": "managed",
      "type": "aws_iam_role_policy_attachment",
      "name": "prod-cluster-AmazonEKSClusterPolicy",
      "provider": "provider.aws",
      "instances": [
        {
          "schema_version": 0,
          "attributes": {
            "id": "terraform-eks-prod-cluster-20191018110946635300000005",
            "policy_arn": "arn:aws:iam::aws:policy/AmazonEKSClusterPolicy",
            "role": "terraform-eks-prod-cluster"
          },
          "private": "bnVsbA==",
          "depends_on": [
            "aws_iam_role.prod-cluster"
          ]
        }
      ]
    },
    {
      "mode": "managed",
      "type": "aws_iam_role_policy_attachment",
      "name": "prod-cluster-AmazonEKSServicePolicy",
      "provider": "provider.aws",
      "instances": [
        {
          "schema_version": 0,
          "attributes": {
            "id": "terraform-eks-prod-cluster-20191018110946619000000003",
            "policy_arn": "arn:aws:iam::aws:policy/AmazonEKSServicePolicy",
            "role": "terraform-eks-prod-cluster"
          },
          "private": "bnVsbA==",
          "depends_on": [
            "aws_iam_role.prod-cluster"
          ]
        }
      ]
    },
    {
      "mode": "managed",
      "type": "aws_iam_role_policy_attachment",
      "name": "prod-node-AmazonEC2ContainerRegistryReadOnly",
      "provider": "provider.aws",
      "instances": [
        {
          "schema_version": 0,
          "attributes": {
            "id": "terraform-eks-prod-node-20191018110946627500000004",
            "policy_arn": "arn:aws:iam::aws:policy/AmazonEC2ContainerRegistryReadOnly",
            "role": "terraform-eks-prod-node"
          },
          "private": "bnVsbA==",
          "depends_on": [
            "aws_iam_role.prod-node"
          ]
        }
      ]
    },
    {
      "mode": "managed",
      "type": "aws_iam_role_policy_attachment",
      "name": "prod-node-AmazonEKSWorkerNodePolicy",
      "provider": "provider.aws",
      "instances": [
        {
          "schema_version": 0,
          "attributes": {
            "id": "terraform-eks-prod-node-20191018110946614500000002",
            "policy_arn": "arn:aws:iam::aws:policy/AmazonEKSWorkerNodePolicy",
            "role": "terraform-eks-prod-node"
          },
          "private": "bnVsbA==",
          "depends_on": [
            "aws_iam_role.prod-node"
          ]
        }
      ]
    },
    {
      "mode": "managed",
      "type": "aws_iam_role_policy_attachment",
      "name": "prod-node-AmazonEKS_CNI_Policy",
      "provider": "provider.aws",
      "instances": [
        {
          "schema_version": 0,
          "attributes": {
            "id": "terraform-eks-prod-node-20191018110946580100000001",
            "policy_arn": "arn:aws:iam::aws:policy/AmazonEKS_CNI_Policy",
            "role": "terraform-eks-prod-node"
          },
          "private": "bnVsbA==",
          "depends_on": [
            "aws_iam_role.prod-node"
          ]
        }
      ]
    },
    {
      "mode": "managed",
      "type": "aws_internet_gateway",
      "name": "prod",
      "provider": "provider.aws",
      "instances": [
        {
          "schema_version": 0,
          "attributes": {
            "id": "igw-0341605266baf6649",
            "owner_id": "051309595190",
            "tags": {
              "Name": "terraform-eks-prod"
            },
            "vpc_id": "vpc-0291b670a83da30e2"
          },
          "private": "bnVsbA==",
          "depends_on": [
            "aws_vpc.prod"
          ]
        }
      ]
    },
    {
      "mode": "managed",
      "type": "aws_launch_configuration",
      "name": "prod",
      "provider": "provider.aws",
      "instances": [
        {
          "schema_version": 0,
          "attributes": {
            "associate_public_ip_address": true,
            "ebs_block_device": [],
            "ebs_optimized": false,
            "enable_monitoring": true,
            "ephemeral_block_device": [],
            "iam_instance_profile": "terraform-eks-prod",
            "id": "terraform-eks-prod20191018111915588000000006",
            "image_id": "ami-059c6874350e63ca9",
            "instance_type": "t2.medium",
            "key_name": "",
            "name": "terraform-eks-prod20191018111915588000000006",
            "name_prefix": "terraform-eks-prod",
            "placement_tenancy": null,
            "root_block_device": [],
            "security_groups": [
              "sg-0e115802df1c0a3e7"
            ],
            "spot_price": "",
            "user_data": null,
            "user_data_base64": "IyEvYmluL2Jhc2gKc2V0IC1vIHh0cmFjZQovZXRjL2Vrcy9ib290c3RyYXAuc2ggLS1hcGlzZXJ2ZXItZW5kcG9pbnQgJ2h0dHBzOi8vMzQ4NTAyQTkxOEVBQTNCNkQ1MDYwNzNDOTU1MjVEOEIuc2sxLmV1LXdlc3QtMS5la3MuYW1hem9uYXdzLmNvbScgLS1iNjQtY2x1c3Rlci1jYSAnTFMwdExTMUNSVWRKVGlCRFJWSlVTVVpKUTBGVVJTMHRMUzB0Q2sxSlNVTjVSRU5EUVdKRFowRjNTVUpCWjBsQ1FVUkJUa0puYTNGb2EybEhPWGN3UWtGUmMwWkJSRUZXVFZKTmQwVlJXVVJXVVZGRVJYZHdjbVJYU213S1kyMDFiR1JIVm5wTlFqUllSRlJGTlUxVVFYaFBSRVY0VFZSWk1VNHhiMWhFVkVrMVRWUkJlRTVVUlhoTlZGa3hUakZ2ZDBaVVJWUk5Ra1ZIUVRGVlJRcEJlRTFMWVROV2FWcFlTblZhV0ZKc1kzcERRMEZUU1hkRVVWbEtTMjlhU1doMlkwNUJVVVZDUWxGQlJHZG5SVkJCUkVORFFWRnZRMmRuUlVKQlRsRjVDa3hFVUdKSVJtRldlakZwZFdGdWIzazRlazEwZFdSemNHMVBhSGd4VURkRE9YcFlUM2cwV0VRellYUndkR3czV2tKb1IzSlVTMnhxTVhNMlFuWmxPRFFLVmpaTFdXWkxiRzlKUkRKVUszWjJPRlZNTW1Sb2VETlpWVmhVYm5NMWJsTnFjWGRwYjFGTmN6STJUbnBRVkN0cUx6Tmlia1JhZURkdE16SjFXRWxMYVFwVk5YVkRUMHA1SzNjd1NuQXJiM1ZqVEdwRmRIWk5SWFpCTldWa2FqUjZiVE5TS3psc1RUVkVMMVYxZFVkVE1DdGFlV295Y21KVVdGSklOazE2TUUxc0NqaFNjbFZrUm5WVFkxRkJjMmRvTURWRFlrazJVWGR3ZUZKeFFYTTRjMHQ0ZGxKeVRscDZSMkphWkRKQ1JWZHZWbUpUTDBoTFdtbE5SbTlDT1cxTVJHWUtRVWswWjJ3eVJIcHVTM2RwTUUxQ1pIaG9jR1J3U0doalJrc3JkMnd2WVZOa1ZuUk5SSGxYVlcxbloxaEpNMFp5T0Zaa1YyaDJWa1p1VWxVNVVVaFVlQXBhUkZaWlJFOU1PREZ0TW5WVWMwWldOa1pyUTBGM1JVRkJZVTFxVFVORmQwUm5XVVJXVWpCUVFWRklMMEpCVVVSQlowdHJUVUU0UjBFeFZXUkZkMFZDQ2k5M1VVWk5RVTFDUVdZNGQwUlJXVXBMYjFwSmFIWmpUa0ZSUlV4Q1VVRkVaMmRGUWtGS2NtZG1abE16Y0M5WGFtUk9NMU40V20xSFZWVkpTVE53U1U4S1MwSjVUM3BwVEdvek5tRkplREIxUWtoRFNrODJLMUU0WTBKWGFsWnRSRUZJTmxoc05tbzFSbXBGYkhOaVptWmpOVUZ6VTJjeVRGZzVXbFJ5V0hwbFRncHNObXBzTmxoNFZEaHFla0pFV0hWVE1uVXhNVmc0UXpZMmIyUjVWMHhOUm5KTGMxRnVjRXhaTURjek1HVnBjQ3N5TUhadWNIcFJlRmxYZEhOWmQzVnJDbFpTTTFOT1RHVldhRWxyY25sc01qbDRjMVpVV1dSNWJERmtUVVJsY3pNMFRqbHViSFpJU25sVmFTdDJUMEpKYURkNWJYRnJRbXhFYkZwaFZFNDVjbU1LVjI1YVpFVXlNbFJuZGxaaGIwOU9hSGx3WVRkUFVqaGtjMmcwUVZOSmVVRnROV3g0YVZWRVNrZERXVnA2VkVadWVpdG1ZbGRuZG5OQ1RtWTVPRGhIU0FveEsyVmhlVEpRYm01NFQxUkJkVGxVWTI1TVYxTmxhRFZ2U1ZjNFN6QnliRkJZZUV4UGRIaE9abE5oZUhJeFFWRjJPRzlHWVV3eU5rVjVhejBLTFMwdExTMUZUa1FnUTBWU1ZFbEdTVU5CVkVVdExTMHRMUW89JyAnZWtzLWt1YmUtY2x1c3RlcicK",
            "vpc_classic_link_id": "",
            "vpc_classic_link_security_groups": null
          },
          "private": "bnVsbA==",
          "depends_on": [
            "aws_iam_instance_profile.prod-node",
            "aws_security_group.prod-node",
            "data.aws_ami.eks-worker"
          ]
        }
      ]
    },
    {
      "mode": "managed",
      "type": "aws_route_table",
      "name": "prod",
      "provider": "provider.aws",
      "instances": [
        {
          "schema_version": 0,
          "attributes": {
            "id": "rtb-0bd33b729234319c5",
            "owner_id": "051309595190",
            "propagating_vgws": [],
            "route": [
              {
                "cidr_block": "0.0.0.0/0",
                "egress_only_gateway_id": "",
                "gateway_id": "igw-0341605266baf6649",
                "instance_id": "",
                "ipv6_cidr_block": "",
                "nat_gateway_id": "",
                "network_interface_id": "",
                "transit_gateway_id": "",
                "vpc_peering_connection_id": ""
              }
            ],
            "tags": null,
            "vpc_id": "vpc-0291b670a83da30e2"
          },
          "private": "bnVsbA==",
          "depends_on": [
            "aws_internet_gateway.prod",
            "aws_vpc.prod"
          ]
        }
      ]
    },
    {
      "mode": "managed",
      "type": "aws_route_table_association",
      "name": "prod",
      "each": "list",
      "provider": "provider.aws",
      "instances": [
        {
          "index_key": 0,
          "schema_version": 0,
          "attributes": {
            "id": "rtbassoc-048476cdede9c2aa8",
            "route_table_id": "rtb-0bd33b729234319c5",
            "subnet_id": "subnet-0129b1754e584255a"
          },
          "private": "bnVsbA==",
          "depends_on": [
            "aws_route_table.prod",
            "aws_subnet.prod"
          ]
        },
        {
          "index_key": 1,
          "schema_version": 0,
          "attributes": {
            "id": "rtbassoc-0a8e074c2c8305bd0",
            "route_table_id": "rtb-0bd33b729234319c5",
            "subnet_id": "subnet-09910bd144f255383"
          },
          "private": "bnVsbA==",
          "depends_on": [
            "aws_route_table.prod",
            "aws_subnet.prod"
          ]
        }
      ]
    },
    {
      "mode": "managed",
      "type": "aws_security_group",
      "name": "prod-cluster",
      "provider": "provider.aws",
      "instances": [
        {
          "schema_version": 1,
          "attributes": {
            "arn": "arn:aws:ec2:eu-west-1:051309595190:security-group/sg-064aca5f1c9f3a0cf",
            "description": "Cluster communication with worker nodes",
            "egress": [
              {
                "cidr_blocks": [
                  "0.0.0.0/0"
                ],
                "description": "",
                "from_port": 0,
                "ipv6_cidr_blocks": [],
                "prefix_list_ids": [],
                "protocol": "-1",
                "security_groups": [],
                "self": false,
                "to_port": 0
              }
            ],
            "id": "sg-064aca5f1c9f3a0cf",
            "ingress": [],
            "name": "terraform-eks-prod-cluster",
            "name_prefix": null,
            "owner_id": "051309595190",
            "revoke_rules_on_delete": false,
            "tags": {
              "Name": "terraform-eks-prod"
            },
            "timeouts": null,
            "vpc_id": "vpc-0291b670a83da30e2"
          },
          "private": "eyJlMmJmYjczMC1lY2FhLTExZTYtOGY4OC0zNDM2M2JjN2M0YzAiOnsiY3JlYXRlIjo2MDAwMDAwMDAwMDAsImRlbGV0ZSI6NjAwMDAwMDAwMDAwfSwic2NoZW1hX3ZlcnNpb24iOiIxIn0=",
          "depends_on": [
            "aws_vpc.prod"
          ]
        }
      ]
    },
    {
      "mode": "managed",
      "type": "aws_security_group",
      "name": "prod-node",
      "provider": "provider.aws",
      "instances": [
        {
          "schema_version": 1,
          "attributes": {
            "arn": "arn:aws:ec2:eu-west-1:051309595190:security-group/sg-0e115802df1c0a3e7",
            "description": "Security group for all nodes in the cluster",
            "egress": [
              {
                "cidr_blocks": [
                  "0.0.0.0/0"
                ],
                "description": "",
                "from_port": 0,
                "ipv6_cidr_blocks": [],
                "prefix_list_ids": [],
                "protocol": "-1",
                "security_groups": [],
                "self": false,
                "to_port": 0
              }
            ],
            "id": "sg-0e115802df1c0a3e7",
            "ingress": [],
            "name": "terraform-eks-prod-node",
            "name_prefix": null,
            "owner_id": "051309595190",
            "revoke_rules_on_delete": false,
            "tags": {
              "Name": "terraform-eks-prod-node",
              "kubernetes.io/cluster/eks-kube-cluster": "owned"
            },
            "timeouts": null,
            "vpc_id": "vpc-0291b670a83da30e2"
          },
          "private": "eyJlMmJmYjczMC1lY2FhLTExZTYtOGY4OC0zNDM2M2JjN2M0YzAiOnsiY3JlYXRlIjo2MDAwMDAwMDAwMDAsImRlbGV0ZSI6NjAwMDAwMDAwMDAwfSwic2NoZW1hX3ZlcnNpb24iOiIxIn0=",
          "depends_on": [
            "aws_vpc.prod"
          ]
        }
      ]
    },
    {
      "mode": "managed",
      "type": "aws_security_group_rule",
      "name": "prod-cluster-ingress-node-https",
      "provider": "provider.aws",
      "instances": [
        {
          "schema_version": 2,
          "attributes": {
            "cidr_blocks": null,
            "description": "Allow pods to communicate with the cluster API Server",
            "from_port": 443,
            "id": "sgrule-3909765120",
            "ipv6_cidr_blocks": null,
            "prefix_list_ids": null,
            "protocol": "tcp",
            "security_group_id": "sg-064aca5f1c9f3a0cf",
            "self": false,
            "source_security_group_id": "sg-0e115802df1c0a3e7",
            "to_port": 443,
            "type": "ingress"
          },
          "private": "eyJzY2hlbWFfdmVyc2lvbiI6IjIifQ==",
          "depends_on": [
            "aws_security_group.prod-cluster",
            "aws_security_group.prod-node"
          ]
        }
      ]
    },
    {
      "mode": "managed",
      "type": "aws_security_group_rule",
      "name": "prod-cluster-ingress-workstation-https",
      "provider": "provider.aws",
      "instances": [
        {
          "schema_version": 2,
          "attributes": {
            "cidr_blocks": [
              "41.58.239.207/32"
            ],
            "description": "Allow workstation to communicate with the cluster API Server",
            "from_port": 443,
            "id": "sgrule-4208103924",
            "ipv6_cidr_blocks": null,
            "prefix_list_ids": null,
            "protocol": "tcp",
            "security_group_id": "sg-064aca5f1c9f3a0cf",
            "self": false,
            "source_security_group_id": null,
            "to_port": 443,
            "type": "ingress"
          },
          "private": "eyJzY2hlbWFfdmVyc2lvbiI6IjIifQ==",
          "depends_on": [
            "aws_security_group.prod-cluster"
          ]
        }
      ]
    },
    {
      "mode": "managed",
      "type": "aws_security_group_rule",
      "name": "prod-node-ingress-cluster",
      "provider": "provider.aws",
      "instances": [
        {
          "schema_version": 2,
          "attributes": {
            "cidr_blocks": null,
            "description": "Allow worker Kubelets and pods to receive communication from the cluster control plane",
            "from_port": 1025,
            "id": "sgrule-2039292317",
            "ipv6_cidr_blocks": null,
            "prefix_list_ids": null,
            "protocol": "tcp",
            "security_group_id": "sg-0e115802df1c0a3e7",
            "self": false,
            "source_security_group_id": "sg-064aca5f1c9f3a0cf",
            "to_port": 65535,
            "type": "ingress"
          },
          "private": "eyJzY2hlbWFfdmVyc2lvbiI6IjIifQ==",
          "depends_on": [
            "aws_security_group.prod-cluster",
            "aws_security_group.prod-node"
          ]
        }
      ]
    },
    {
      "mode": "managed",
      "type": "aws_security_group_rule",
      "name": "prod-node-ingress-self",
      "provider": "provider.aws",
      "instances": [
        {
          "schema_version": 2,
          "attributes": {
            "cidr_blocks": null,
            "description": "Allow node to communicate with each other",
            "from_port": 0,
            "id": "sgrule-619698927",
            "ipv6_cidr_blocks": null,
            "prefix_list_ids": null,
            "protocol": "-1",
            "security_group_id": "sg-0e115802df1c0a3e7",
            "self": false,
            "source_security_group_id": "sg-0e115802df1c0a3e7",
            "to_port": 65535,
            "type": "ingress"
          },
          "private": "eyJzY2hlbWFfdmVyc2lvbiI6IjIifQ==",
          "depends_on": [
            "aws_security_group.prod-node"
          ]
        }
      ]
    },
    {
      "mode": "managed",
      "type": "aws_subnet",
      "name": "prod",
      "each": "list",
      "provider": "provider.aws",
      "instances": [
        {
          "index_key": 0,
          "schema_version": 1,
          "attributes": {
            "arn": "arn:aws:ec2:eu-west-1:051309595190:subnet/subnet-0129b1754e584255a",
            "assign_ipv6_address_on_creation": false,
            "availability_zone": "eu-west-1a",
            "availability_zone_id": "euw1-az1",
            "cidr_block": "10.0.0.0/24",
            "id": "subnet-0129b1754e584255a",
            "ipv6_cidr_block": "",
            "ipv6_cidr_block_association_id": "",
            "map_public_ip_on_launch": false,
            "owner_id": "051309595190",
            "tags": {
              "Name": "terraform-eks-prod-node",
              "kubernetes.io/cluster/eks-kube-cluster": "shared"
            },
            "timeouts": null,
            "vpc_id": "vpc-0291b670a83da30e2"
          },
          "private": "eyJlMmJmYjczMC1lY2FhLTExZTYtOGY4OC0zNDM2M2JjN2M0YzAiOnsiY3JlYXRlIjo2MDAwMDAwMDAwMDAsImRlbGV0ZSI6MTIwMDAwMDAwMDAwMH0sInNjaGVtYV92ZXJzaW9uIjoiMSJ9",
          "depends_on": [
            "aws_vpc.prod",
            "data.aws_availability_zones.available"
          ]
        },
        {
          "index_key": 1,
          "schema_version": 1,
          "attributes": {
            "arn": "arn:aws:ec2:eu-west-1:051309595190:subnet/subnet-09910bd144f255383",
            "assign_ipv6_address_on_creation": false,
            "availability_zone": "eu-west-1b",
            "availability_zone_id": "euw1-az2",
            "cidr_block": "10.0.1.0/24",
            "id": "subnet-09910bd144f255383",
            "ipv6_cidr_block": "",
            "ipv6_cidr_block_association_id": "",
            "map_public_ip_on_launch": false,
            "owner_id": "051309595190",
            "tags": {
              "Name": "terraform-eks-prod-node",
              "kubernetes.io/cluster/eks-kube-cluster": "shared"
            },
            "timeouts": null,
            "vpc_id": "vpc-0291b670a83da30e2"
          },
          "private": "eyJlMmJmYjczMC1lY2FhLTExZTYtOGY4OC0zNDM2M2JjN2M0YzAiOnsiY3JlYXRlIjo2MDAwMDAwMDAwMDAsImRlbGV0ZSI6MTIwMDAwMDAwMDAwMH0sInNjaGVtYV92ZXJzaW9uIjoiMSJ9",
          "depends_on": [
            "aws_vpc.prod",
            "data.aws_availability_zones.available"
          ]
        }
      ]
    },
    {
      "mode": "managed",
      "type": "aws_vpc",
      "name": "prod",
      "provider": "provider.aws",
      "instances": [
        {
          "schema_version": 1,
          "attributes": {
            "arn": "arn:aws:ec2:eu-west-1:051309595190:vpc/vpc-0291b670a83da30e2",
            "assign_generated_ipv6_cidr_block": false,
            "cidr_block": "10.0.0.0/16",
            "default_network_acl_id": "acl-0b54e34d3cfa41705",
            "default_route_table_id": "rtb-00077aab3b55913b8",
            "default_security_group_id": "sg-06068fed82cfd0950",
            "dhcp_options_id": "dopt-53a1c035",
            "enable_classiclink": false,
            "enable_classiclink_dns_support": false,
            "enable_dns_hostnames": false,
            "enable_dns_support": true,
            "id": "vpc-0291b670a83da30e2",
            "instance_tenancy": "default",
            "ipv6_association_id": "",
            "ipv6_cidr_block": "",
            "main_route_table_id": "rtb-00077aab3b55913b8",
            "owner_id": "051309595190",
            "tags": {
              "Name": "terraform-eks-prod-node",
              "kubernetes.io/cluster/eks-kube-cluster": "shared"
            }
          },
          "private": "eyJzY2hlbWFfdmVyc2lvbiI6IjEifQ=="
        }
      ]
    }
  ]
}
